// !$*UTF8*$!
{
	archiveVersion = 1;
	classes = {
	};
	objectVersion = 46;
	objects = {

/* Begin PBXBuildFile section */
		0A8D263ADC964241AA022148 /* libPods.a in Frameworks */ = {isa = PBXBuildFile; fileRef = 0A52EBB240874D1ABB13A1C2 /* libPods.a */; };
		113458A819A7AC2B009D29AB /* Foundation.framework in Frameworks */ = {isa = PBXBuildFile; fileRef = 113458A719A7AC2B009D29AB /* Foundation.framework */; };
		113458AA19A7AC2B009D29AB /* CoreGraphics.framework in Frameworks */ = {isa = PBXBuildFile; fileRef = 113458A919A7AC2B009D29AB /* CoreGraphics.framework */; };
		113458AC19A7AC2B009D29AB /* UIKit.framework in Frameworks */ = {isa = PBXBuildFile; fileRef = 113458AB19A7AC2B009D29AB /* UIKit.framework */; };
		113458B219A7AC2B009D29AB /* InfoPlist.strings in Resources */ = {isa = PBXBuildFile; fileRef = 113458B019A7AC2B009D29AB /* InfoPlist.strings */; };
		113458B419A7AC2B009D29AB /* main.m in Sources */ = {isa = PBXBuildFile; fileRef = 113458B319A7AC2B009D29AB /* main.m */; };
		113458B819A7AC2B009D29AB /* AppDelegate.m in Sources */ = {isa = PBXBuildFile; fileRef = 113458B719A7AC2B009D29AB /* AppDelegate.m */; };
		113458BA19A7AC2B009D29AB /* Images.xcassets in Resources */ = {isa = PBXBuildFile; fileRef = 113458B919A7AC2B009D29AB /* Images.xcassets */; };
		113458C119A7AC2B009D29AB /* XCTest.framework in Frameworks */ = {isa = PBXBuildFile; fileRef = 113458C019A7AC2B009D29AB /* XCTest.framework */; };
		113458C219A7AC2B009D29AB /* Foundation.framework in Frameworks */ = {isa = PBXBuildFile; fileRef = 113458A719A7AC2B009D29AB /* Foundation.framework */; };
		113458C319A7AC2B009D29AB /* UIKit.framework in Frameworks */ = {isa = PBXBuildFile; fileRef = 113458AB19A7AC2B009D29AB /* UIKit.framework */; };
		113458CB19A7AC2B009D29AB /* InfoPlist.strings in Resources */ = {isa = PBXBuildFile; fileRef = 113458C919A7AC2B009D29AB /* InfoPlist.strings */; };
		113458CD19A7AC2B009D29AB /* worlddestroyTests.m in Sources */ = {isa = PBXBuildFile; fileRef = 113458CC19A7AC2B009D29AB /* worlddestroyTests.m */; };
		113458E619A7AFF8009D29AB /* ImageIO.framework in Frameworks */ = {isa = PBXBuildFile; fileRef = 113458E519A7AFF8009D29AB /* ImageIO.framework */; };
		1134590019A810B7009D29AB /* ExplosionAnnotation.m in Sources */ = {isa = PBXBuildFile; fileRef = 113458FF19A810B7009D29AB /* ExplosionAnnotation.m */; };
		1134590319A811DC009D29AB /* WorldMap.m in Sources */ = {isa = PBXBuildFile; fileRef = 1134590219A811DC009D29AB /* WorldMap.m */; };
		1134590719A81323009D29AB /* WDController.m in Sources */ = {isa = PBXBuildFile; fileRef = 1134590619A81323009D29AB /* WDController.m */; };
		1134590919A8298E009D29AB /* GameKit.framework in Frameworks */ = {isa = PBXBuildFile; fileRef = 1134590819A8298E009D29AB /* GameKit.framework */; };
		11744D3F19AD6506002E34B9 /* AmmoButton.m in Sources */ = {isa = PBXBuildFile; fileRef = 11744D3E19AD6506002E34B9 /* AmmoButton.m */; };
		11A9574C19A85A8100DA162C /* atari_boom.mp3 in Resources */ = {isa = PBXBuildFile; fileRef = 11A9574B19A85A8100DA162C /* atari_boom.mp3 */; };
		11A9575B19A85A9B00DA162C /* crater_parkmayn.png in Resources */ = {isa = PBXBuildFile; fileRef = 11A9575119A85A9B00DA162C /* crater_parkmayn.png */; };
		11A9576519A85AB500DA162C /* explosion (1).gif in Resources */ = {isa = PBXBuildFile; fileRef = 11A9576119A85AB500DA162C /* explosion (1).gif */; };
		11A9576619A85AB500DA162C /* explosion.gif in Resources */ = {isa = PBXBuildFile; fileRef = 11A9576219A85AB500DA162C /* explosion.gif */; };
		11A9576719A85AB500DA162C /* sheet_6x5.png in Resources */ = {isa = PBXBuildFile; fileRef = 11A9576319A85AB500DA162C /* sheet_6x5.png */; };
		11A9576819A85AB500DA162C /* cratere.gif in Resources */ = {isa = PBXBuildFile; fileRef = 11A9576419A85AB500DA162C /* cratere.gif */; };
		11A9576A19A85AE700DA162C /* crater.gif in Resources */ = {isa = PBXBuildFile; fileRef = 11A9576919A85AE700DA162C /* crater.gif */; };
		11A9576D19A867E200DA162C /* TimerView.m in Sources */ = {isa = PBXBuildFile; fileRef = 11A9576C19A867E200DA162C /* TimerView.m */; };
		11A9576F19A8FE4C00DA162C /* only-one.gif in Resources */ = {isa = PBXBuildFile; fileRef = 11A9576E19A8FE4C00DA162C /* only-one.gif */; };
		11A9577119A902E100DA162C /* crater_mine.gif in Resources */ = {isa = PBXBuildFile; fileRef = 11A9577019A902E100DA162C /* crater_mine.gif */; };
		11A9577319A93C6600DA162C /* explosion-no-repeat (1).gif in Resources */ = {isa = PBXBuildFile; fileRef = 11A9577219A93C6600DA162C /* explosion-no-repeat (1).gif */; };
		11A9577519A93CDF00DA162C /* explosion (2).gif in Resources */ = {isa = PBXBuildFile; fileRef = 11A9577419A93CDF00DA162C /* explosion (2).gif */; };
		11A9577919A93F4700DA162C /* crater_2.gif in Resources */ = {isa = PBXBuildFile; fileRef = 11A9577819A93F4700DA162C /* crater_2.gif */; };
		11A9577B19A9473600DA162C /* explosion (3).gif in Resources */ = {isa = PBXBuildFile; fileRef = 11A9577A19A9473600DA162C /* explosion (3).gif */; };
		11A9577D19A949F900DA162C /* explosion (4).gif in Resources */ = {isa = PBXBuildFile; fileRef = 11A9577C19A949F900DA162C /* explosion (4).gif */; };
		11A9578019AAC77900DA162C /* SlideViewController.m in Sources */ = {isa = PBXBuildFile; fileRef = 11A9577F19AAC77900DA162C /* SlideViewController.m */; };
		11A9578E19AAEFD900DA162C /* RECommonFunctions.m in Sources */ = {isa = PBXBuildFile; fileRef = 11A9578319AAEFD900DA162C /* RECommonFunctions.m */; };
		11A9578F19AAEFD900DA162C /* REFrostedContainerViewController.m in Sources */ = {isa = PBXBuildFile; fileRef = 11A9578519AAEFD900DA162C /* REFrostedContainerViewController.m */; };
		11A9579019AAEFD900DA162C /* REFrostedViewController.m in Sources */ = {isa = PBXBuildFile; fileRef = 11A9578719AAEFD900DA162C /* REFrostedViewController.m */; };
		11A9579119AAEFD900DA162C /* UIImage+REFrostedViewController.m in Sources */ = {isa = PBXBuildFile; fileRef = 11A9578919AAEFD900DA162C /* UIImage+REFrostedViewController.m */; };
		11A9579219AAEFD900DA162C /* UIView+REFrostedViewController.m in Sources */ = {isa = PBXBuildFile; fileRef = 11A9578B19AAEFD900DA162C /* UIView+REFrostedViewController.m */; };
		11A9579319AAEFD900DA162C /* UIViewController+REFrostedViewController.m in Sources */ = {isa = PBXBuildFile; fileRef = 11A9578D19AAEFD900DA162C /* UIViewController+REFrostedViewController.m */; };
		11A957A019AB04DC00DA162C /* OpenGLES.framework in Frameworks */ = {isa = PBXBuildFile; fileRef = 11A9579F19AB04DC00DA162C /* OpenGLES.framework */; };
		11A957A219AB04EE00DA162C /* QuartzCore.framework in Frameworks */ = {isa = PBXBuildFile; fileRef = 11A957A119AB04EE00DA162C /* QuartzCore.framework */; };
		11A959E219AB0A1200DA162C /* CoreMedia.framework in Frameworks */ = {isa = PBXBuildFile; fileRef = 11A959E119AB0A1200DA162C /* CoreMedia.framework */; };
		11A959E419AB0A1800DA162C /* CoreVideo.framework in Frameworks */ = {isa = PBXBuildFile; fileRef = 11A959E319AB0A1800DA162C /* CoreVideo.framework */; };
		11A959E619AB0A2900DA162C /* AVFoundation.framework in Frameworks */ = {isa = PBXBuildFile; fileRef = 11A959E519AB0A2900DA162C /* AVFoundation.framework */; };
		11A959E819AB1D5200DA162C /* menu-512.png in Resources */ = {isa = PBXBuildFile; fileRef = 11A959E719AB1D5200DA162C /* menu-512.png */; };
		11A959EA19AB1D6000DA162C /* menu-128.png in Resources */ = {isa = PBXBuildFile; fileRef = 11A959E919AB1D6000DA162C /* menu-128.png */; };
		11AEC1BC19ABEDA000245EDE /* small_bomb_16.gif in Resources */ = {isa = PBXBuildFile; fileRef = 11AEC1BB19ABEDA000245EDE /* small_bomb_16.gif */; };
/* End PBXBuildFile section */

/* Begin PBXContainerItemProxy section */
		113458C419A7AC2B009D29AB /* PBXContainerItemProxy */ = {
			isa = PBXContainerItemProxy;
			containerPortal = 1134589C19A7AC2B009D29AB /* Project object */;
			proxyType = 1;
			remoteGlobalIDString = 113458A319A7AC2B009D29AB;
			remoteInfo = worlddestroy;
		};
/* End PBXContainerItemProxy section */

/* Begin PBXFileReference section */
		0A52EBB240874D1ABB13A1C2 /* libPods.a */ = {isa = PBXFileReference; explicitFileType = archive.ar; includeInIndex = 0; path = libPods.a; sourceTree = BUILT_PRODUCTS_DIR; };
		113458A419A7AC2B009D29AB /* worlddestroy.app */ = {isa = PBXFileReference; explicitFileType = wrapper.application; includeInIndex = 0; path = worlddestroy.app; sourceTree = BUILT_PRODUCTS_DIR; };
		113458A719A7AC2B009D29AB /* Foundation.framework */ = {isa = PBXFileReference; lastKnownFileType = wrapper.framework; name = Foundation.framework; path = System/Library/Frameworks/Foundation.framework; sourceTree = SDKROOT; };
		113458A919A7AC2B009D29AB /* CoreGraphics.framework */ = {isa = PBXFileReference; lastKnownFileType = wrapper.framework; name = CoreGraphics.framework; path = System/Library/Frameworks/CoreGraphics.framework; sourceTree = SDKROOT; };
		113458AB19A7AC2B009D29AB /* UIKit.framework */ = {isa = PBXFileReference; lastKnownFileType = wrapper.framework; name = UIKit.framework; path = System/Library/Frameworks/UIKit.framework; sourceTree = SDKROOT; };
		113458AF19A7AC2B009D29AB /* worlddestroy-Info.plist */ = {isa = PBXFileReference; lastKnownFileType = text.plist.xml; path = "worlddestroy-Info.plist"; sourceTree = "<group>"; };
		113458B119A7AC2B009D29AB /* en */ = {isa = PBXFileReference; lastKnownFileType = text.plist.strings; name = en; path = en.lproj/InfoPlist.strings; sourceTree = "<group>"; };
		113458B319A7AC2B009D29AB /* main.m */ = {isa = PBXFileReference; lastKnownFileType = sourcecode.c.objc; path = main.m; sourceTree = "<group>"; };
		113458B519A7AC2B009D29AB /* worlddestroy-Prefix.pch */ = {isa = PBXFileReference; lastKnownFileType = sourcecode.c.h; path = "worlddestroy-Prefix.pch"; sourceTree = "<group>"; };
		113458B619A7AC2B009D29AB /* AppDelegate.h */ = {isa = PBXFileReference; lastKnownFileType = sourcecode.c.h; path = AppDelegate.h; sourceTree = "<group>"; };
		113458B719A7AC2B009D29AB /* AppDelegate.m */ = {isa = PBXFileReference; lastKnownFileType = sourcecode.c.objc; path = AppDelegate.m; sourceTree = "<group>"; };
		113458B919A7AC2B009D29AB /* Images.xcassets */ = {isa = PBXFileReference; lastKnownFileType = folder.assetcatalog; path = Images.xcassets; sourceTree = "<group>"; };
		113458BF19A7AC2B009D29AB /* worlddestroyTests.xctest */ = {isa = PBXFileReference; explicitFileType = wrapper.cfbundle; includeInIndex = 0; path = worlddestroyTests.xctest; sourceTree = BUILT_PRODUCTS_DIR; };
		113458C019A7AC2B009D29AB /* XCTest.framework */ = {isa = PBXFileReference; lastKnownFileType = wrapper.framework; name = XCTest.framework; path = Library/Frameworks/XCTest.framework; sourceTree = DEVELOPER_DIR; };
		113458C819A7AC2B009D29AB /* worlddestroyTests-Info.plist */ = {isa = PBXFileReference; lastKnownFileType = text.plist.xml; path = "worlddestroyTests-Info.plist"; sourceTree = "<group>"; };
		113458CA19A7AC2B009D29AB /* en */ = {isa = PBXFileReference; lastKnownFileType = text.plist.strings; name = en; path = en.lproj/InfoPlist.strings; sourceTree = "<group>"; };
		113458CC19A7AC2B009D29AB /* worlddestroyTests.m */ = {isa = PBXFileReference; lastKnownFileType = sourcecode.c.objc; path = worlddestroyTests.m; sourceTree = "<group>"; };
		113458E519A7AFF8009D29AB /* ImageIO.framework */ = {isa = PBXFileReference; lastKnownFileType = wrapper.framework; name = ImageIO.framework; path = System/Library/Frameworks/ImageIO.framework; sourceTree = SDKROOT; };
		113458FE19A8102E009D29AB /* ExplosionAnnotation.h */ = {isa = PBXFileReference; lastKnownFileType = sourcecode.c.h; path = ExplosionAnnotation.h; sourceTree = "<group>"; };
		113458FF19A810B7009D29AB /* ExplosionAnnotation.m */ = {isa = PBXFileReference; fileEncoding = 4; lastKnownFileType = sourcecode.c.objc; path = ExplosionAnnotation.m; sourceTree = "<group>"; };
		1134590119A8114D009D29AB /* WorldMap.h */ = {isa = PBXFileReference; lastKnownFileType = sourcecode.c.h; path = WorldMap.h; sourceTree = "<group>"; };
		1134590219A811DC009D29AB /* WorldMap.m */ = {isa = PBXFileReference; fileEncoding = 4; lastKnownFileType = sourcecode.c.objc; path = WorldMap.m; sourceTree = "<group>"; };
		1134590519A81323009D29AB /* WDController.h */ = {isa = PBXFileReference; fileEncoding = 4; lastKnownFileType = sourcecode.c.h; path = WDController.h; sourceTree = "<group>"; };
		1134590619A81323009D29AB /* WDController.m */ = {isa = PBXFileReference; fileEncoding = 4; lastKnownFileType = sourcecode.c.objc; path = WDController.m; sourceTree = "<group>"; };
		1134590819A8298E009D29AB /* GameKit.framework */ = {isa = PBXFileReference; lastKnownFileType = wrapper.framework; name = GameKit.framework; path = System/Library/Frameworks/GameKit.framework; sourceTree = SDKROOT; };
		11744D3D19AD6506002E34B9 /* AmmoButton.h */ = {isa = PBXFileReference; fileEncoding = 4; lastKnownFileType = sourcecode.c.h; path = AmmoButton.h; sourceTree = "<group>"; };
		11744D3E19AD6506002E34B9 /* AmmoButton.m */ = {isa = PBXFileReference; fileEncoding = 4; lastKnownFileType = sourcecode.c.objc; path = AmmoButton.m; sourceTree = "<group>"; };
		11A9574B19A85A8100DA162C /* atari_boom.mp3 */ = {isa = PBXFileReference; lastKnownFileType = audio.mp3; path = atari_boom.mp3; sourceTree = "<group>"; };
		11A9575119A85A9B00DA162C /* crater_parkmayn.png */ = {isa = PBXFileReference; lastKnownFileType = image.png; path = crater_parkmayn.png; sourceTree = "<group>"; };
		11A9576119A85AB500DA162C /* explosion (1).gif */ = {isa = PBXFileReference; lastKnownFileType = image.gif; path = "explosion (1).gif"; sourceTree = "<group>"; };
		11A9576219A85AB500DA162C /* explosion.gif */ = {isa = PBXFileReference; lastKnownFileType = image.gif; path = explosion.gif; sourceTree = "<group>"; };
		11A9576319A85AB500DA162C /* sheet_6x5.png */ = {isa = PBXFileReference; lastKnownFileType = image.png; path = sheet_6x5.png; sourceTree = "<group>"; };
		11A9576419A85AB500DA162C /* cratere.gif */ = {isa = PBXFileReference; lastKnownFileType = image.gif; path = cratere.gif; sourceTree = "<group>"; };
		11A9576919A85AE700DA162C /* crater.gif */ = {isa = PBXFileReference; lastKnownFileType = image.gif; path = crater.gif; sourceTree = "<group>"; };
		11A9576B19A8679200DA162C /* TimerView.h */ = {isa = PBXFileReference; lastKnownFileType = sourcecode.c.h; path = TimerView.h; sourceTree = "<group>"; };
		11A9576C19A867E200DA162C /* TimerView.m */ = {isa = PBXFileReference; fileEncoding = 4; lastKnownFileType = sourcecode.c.objc; path = TimerView.m; sourceTree = "<group>"; };
		11A9576E19A8FE4C00DA162C /* only-one.gif */ = {isa = PBXFileReference; lastKnownFileType = image.gif; path = "only-one.gif"; sourceTree = "<group>"; };
		11A9577019A902E100DA162C /* crater_mine.gif */ = {isa = PBXFileReference; lastKnownFileType = image.gif; path = crater_mine.gif; sourceTree = "<group>"; };
		11A9577219A93C6600DA162C /* explosion-no-repeat (1).gif */ = {isa = PBXFileReference; lastKnownFileType = image.gif; path = "explosion-no-repeat (1).gif"; sourceTree = "<group>"; };
		11A9577419A93CDF00DA162C /* explosion (2).gif */ = {isa = PBXFileReference; lastKnownFileType = image.gif; path = "explosion (2).gif"; sourceTree = "<group>"; };
		11A9577819A93F4700DA162C /* crater_2.gif */ = {isa = PBXFileReference; lastKnownFileType = image.gif; path = crater_2.gif; sourceTree = "<group>"; };
		11A9577A19A9473600DA162C /* explosion (3).gif */ = {isa = PBXFileReference; lastKnownFileType = image.gif; path = "explosion (3).gif"; sourceTree = "<group>"; };
		11A9577C19A949F900DA162C /* explosion (4).gif */ = {isa = PBXFileReference; lastKnownFileType = image.gif; path = "explosion (4).gif"; sourceTree = "<group>"; };
		11A9577E19AAC77900DA162C /* SlideViewController.h */ = {isa = PBXFileReference; fileEncoding = 4; lastKnownFileType = sourcecode.c.h; path = SlideViewController.h; sourceTree = "<group>"; };
		11A9577F19AAC77900DA162C /* SlideViewController.m */ = {isa = PBXFileReference; fileEncoding = 4; lastKnownFileType = sourcecode.c.objc; path = SlideViewController.m; sourceTree = "<group>"; };
		11A9578219AAEFD900DA162C /* RECommonFunctions.h */ = {isa = PBXFileReference; fileEncoding = 4; lastKnownFileType = sourcecode.c.h; path = RECommonFunctions.h; sourceTree = "<group>"; };
		11A9578319AAEFD900DA162C /* RECommonFunctions.m */ = {isa = PBXFileReference; fileEncoding = 4; lastKnownFileType = sourcecode.c.objc; path = RECommonFunctions.m; sourceTree = "<group>"; };
		11A9578419AAEFD900DA162C /* REFrostedContainerViewController.h */ = {isa = PBXFileReference; fileEncoding = 4; lastKnownFileType = sourcecode.c.h; path = REFrostedContainerViewController.h; sourceTree = "<group>"; };
		11A9578519AAEFD900DA162C /* REFrostedContainerViewController.m */ = {isa = PBXFileReference; fileEncoding = 4; lastKnownFileType = sourcecode.c.objc; path = REFrostedContainerViewController.m; sourceTree = "<group>"; };
		11A9578619AAEFD900DA162C /* REFrostedViewController.h */ = {isa = PBXFileReference; fileEncoding = 4; lastKnownFileType = sourcecode.c.h; path = REFrostedViewController.h; sourceTree = "<group>"; };
		11A9578719AAEFD900DA162C /* REFrostedViewController.m */ = {isa = PBXFileReference; fileEncoding = 4; lastKnownFileType = sourcecode.c.objc; path = REFrostedViewController.m; sourceTree = "<group>"; };
		11A9578819AAEFD900DA162C /* UIImage+REFrostedViewController.h */ = {isa = PBXFileReference; fileEncoding = 4; lastKnownFileType = sourcecode.c.h; path = "UIImage+REFrostedViewController.h"; sourceTree = "<group>"; };
		11A9578919AAEFD900DA162C /* UIImage+REFrostedViewController.m */ = {isa = PBXFileReference; fileEncoding = 4; lastKnownFileType = sourcecode.c.objc; path = "UIImage+REFrostedViewController.m"; sourceTree = "<group>"; };
		11A9578A19AAEFD900DA162C /* UIView+REFrostedViewController.h */ = {isa = PBXFileReference; fileEncoding = 4; lastKnownFileType = sourcecode.c.h; path = "UIView+REFrostedViewController.h"; sourceTree = "<group>"; };
		11A9578B19AAEFD900DA162C /* UIView+REFrostedViewController.m */ = {isa = PBXFileReference; fileEncoding = 4; lastKnownFileType = sourcecode.c.objc; path = "UIView+REFrostedViewController.m"; sourceTree = "<group>"; };
		11A9578C19AAEFD900DA162C /* UIViewController+REFrostedViewController.h */ = {isa = PBXFileReference; fileEncoding = 4; lastKnownFileType = sourcecode.c.h; path = "UIViewController+REFrostedViewController.h"; sourceTree = "<group>"; };
		11A9578D19AAEFD900DA162C /* UIViewController+REFrostedViewController.m */ = {isa = PBXFileReference; fileEncoding = 4; lastKnownFileType = sourcecode.c.objc; path = "UIViewController+REFrostedViewController.m"; sourceTree = "<group>"; };
		11A9579F19AB04DC00DA162C /* OpenGLES.framework */ = {isa = PBXFileReference; lastKnownFileType = wrapper.framework; name = OpenGLES.framework; path = System/Library/Frameworks/OpenGLES.framework; sourceTree = SDKROOT; };
		11A957A119AB04EE00DA162C /* QuartzCore.framework */ = {isa = PBXFileReference; lastKnownFileType = wrapper.framework; name = QuartzCore.framework; path = System/Library/Frameworks/QuartzCore.framework; sourceTree = SDKROOT; };
		11A959E119AB0A1200DA162C /* CoreMedia.framework */ = {isa = PBXFileReference; lastKnownFileType = wrapper.framework; name = CoreMedia.framework; path = System/Library/Frameworks/CoreMedia.framework; sourceTree = SDKROOT; };
		11A959E319AB0A1800DA162C /* CoreVideo.framework */ = {isa = PBXFileReference; lastKnownFileType = wrapper.framework; name = CoreVideo.framework; path = System/Library/Frameworks/CoreVideo.framework; sourceTree = SDKROOT; };
		11A959E519AB0A2900DA162C /* AVFoundation.framework */ = {isa = PBXFileReference; lastKnownFileType = wrapper.framework; name = AVFoundation.framework; path = System/Library/Frameworks/AVFoundation.framework; sourceTree = SDKROOT; };
		11A959E719AB1D5200DA162C /* menu-512.png */ = {isa = PBXFileReference; lastKnownFileType = image.png; path = "menu-512.png"; sourceTree = "<group>"; };
		11A959E919AB1D6000DA162C /* menu-128.png */ = {isa = PBXFileReference; lastKnownFileType = image.png; path = "menu-128.png"; sourceTree = "<group>"; };
		11AEC1BB19ABEDA000245EDE /* small_bomb_16.gif */ = {isa = PBXFileReference; lastKnownFileType = image.gif; path = small_bomb_16.gif; sourceTree = "<group>"; };
		17EE85BD1FCC41929B8F9A82 /* Pods.xcconfig */ = {isa = PBXFileReference; includeInIndex = 1; lastKnownFileType = text.xcconfig; name = Pods.xcconfig; path = Pods/Pods.xcconfig; sourceTree = "<group>"; };
/* End PBXFileReference section */

/* Begin PBXFrameworksBuildPhase section */
		113458A119A7AC2B009D29AB /* Frameworks */ = {
			isa = PBXFrameworksBuildPhase;
			buildActionMask = 2147483647;
			files = (
				11A959E619AB0A2900DA162C /* AVFoundation.framework in Frameworks */,
				11A957A019AB04DC00DA162C /* OpenGLES.framework in Frameworks */,
				11A959E419AB0A1800DA162C /* CoreVideo.framework in Frameworks */,
				11A959E219AB0A1200DA162C /* CoreMedia.framework in Frameworks */,
				11A957A219AB04EE00DA162C /* QuartzCore.framework in Frameworks */,
				113458E619A7AFF8009D29AB /* ImageIO.framework in Frameworks */,
				113458AA19A7AC2B009D29AB /* CoreGraphics.framework in Frameworks */,
				113458AC19A7AC2B009D29AB /* UIKit.framework in Frameworks */,
				113458A819A7AC2B009D29AB /* Foundation.framework in Frameworks */,
				1134590919A8298E009D29AB /* GameKit.framework in Frameworks */,
				0A8D263ADC964241AA022148 /* libPods.a in Frameworks */,
			);
			runOnlyForDeploymentPostprocessing = 0;
		};
		113458BC19A7AC2B009D29AB /* Frameworks */ = {
			isa = PBXFrameworksBuildPhase;
			buildActionMask = 2147483647;
			files = (
				113458C119A7AC2B009D29AB /* XCTest.framework in Frameworks */,
				113458C319A7AC2B009D29AB /* UIKit.framework in Frameworks */,
				113458C219A7AC2B009D29AB /* Foundation.framework in Frameworks */,
			);
			runOnlyForDeploymentPostprocessing = 0;
		};
/* End PBXFrameworksBuildPhase section */

/* Begin PBXGroup section */
		1134589B19A7AC2B009D29AB = {
			isa = PBXGroup;
			children = (
				113458AD19A7AC2B009D29AB /* worlddestroy */,
				113458C619A7AC2B009D29AB /* worlddestroyTests */,
				113458A619A7AC2B009D29AB /* Frameworks */,
				113458A519A7AC2B009D29AB /* Products */,
				17EE85BD1FCC41929B8F9A82 /* Pods.xcconfig */,
			);
			sourceTree = "<group>";
		};
		113458A519A7AC2B009D29AB /* Products */ = {
			isa = PBXGroup;
			children = (
				113458A419A7AC2B009D29AB /* worlddestroy.app */,
				113458BF19A7AC2B009D29AB /* worlddestroyTests.xctest */,
			);
			name = Products;
			sourceTree = "<group>";
		};
		113458A619A7AC2B009D29AB /* Frameworks */ = {
			isa = PBXGroup;
			children = (
				11A959E519AB0A2900DA162C /* AVFoundation.framework */,
				11A959E319AB0A1800DA162C /* CoreVideo.framework */,
				11A959E119AB0A1200DA162C /* CoreMedia.framework */,
				11A957A119AB04EE00DA162C /* QuartzCore.framework */,
				11A9579F19AB04DC00DA162C /* OpenGLES.framework */,
				1134590819A8298E009D29AB /* GameKit.framework */,
				113458E519A7AFF8009D29AB /* ImageIO.framework */,
				113458A719A7AC2B009D29AB /* Foundation.framework */,
				113458A919A7AC2B009D29AB /* CoreGraphics.framework */,
				113458AB19A7AC2B009D29AB /* UIKit.framework */,
				113458C019A7AC2B009D29AB /* XCTest.framework */,
				0A52EBB240874D1ABB13A1C2 /* libPods.a */,
			);
			name = Frameworks;
			sourceTree = "<group>";
		};
		113458AD19A7AC2B009D29AB /* worlddestroy */ = {
			isa = PBXGroup;
			children = (
				11A9578119AAEFD900DA162C /* REFrostedViewController */,
				113458FC19A80FAD009D29AB /* sounds */,
				113458FB19A80F82009D29AB /* images */,
				1134590219A811DC009D29AB /* WorldMap.m */,
				11A9577E19AAC77900DA162C /* SlideViewController.h */,
				11A9577F19AAC77900DA162C /* SlideViewController.m */,
				11744D3D19AD6506002E34B9 /* AmmoButton.h */,
				11744D3E19AD6506002E34B9 /* AmmoButton.m */,
				1134590519A81323009D29AB /* WDController.h */,
				1134590619A81323009D29AB /* WDController.m */,
				1134590119A8114D009D29AB /* WorldMap.h */,
				113458FF19A810B7009D29AB /* ExplosionAnnotation.m */,
				113458B619A7AC2B009D29AB /* AppDelegate.h */,
				113458B719A7AC2B009D29AB /* AppDelegate.m */,
				113458B919A7AC2B009D29AB /* Images.xcassets */,
				113458AE19A7AC2B009D29AB /* Supporting Files */,
				113458FE19A8102E009D29AB /* ExplosionAnnotation.h */,
				11A9576B19A8679200DA162C /* TimerView.h */,
				11A9576C19A867E200DA162C /* TimerView.m */,
			);
			path = worlddestroy;
			sourceTree = "<group>";
		};
		113458AE19A7AC2B009D29AB /* Supporting Files */ = {
			isa = PBXGroup;
			children = (
				113458AF19A7AC2B009D29AB /* worlddestroy-Info.plist */,
				113458B019A7AC2B009D29AB /* InfoPlist.strings */,
				113458B319A7AC2B009D29AB /* main.m */,
				113458B519A7AC2B009D29AB /* worlddestroy-Prefix.pch */,
			);
			name = "Supporting Files";
			sourceTree = "<group>";
		};
		113458C619A7AC2B009D29AB /* worlddestroyTests */ = {
			isa = PBXGroup;
			children = (
				113458CC19A7AC2B009D29AB /* worlddestroyTests.m */,
				113458C719A7AC2B009D29AB /* Supporting Files */,
			);
			path = worlddestroyTests;
			sourceTree = "<group>";
		};
		113458C719A7AC2B009D29AB /* Supporting Files */ = {
			isa = PBXGroup;
			children = (
				113458C819A7AC2B009D29AB /* worlddestroyTests-Info.plist */,
				113458C919A7AC2B009D29AB /* InfoPlist.strings */,
			);
			name = "Supporting Files";
			sourceTree = "<group>";
		};
		113458FB19A80F82009D29AB /* images */ = {
			isa = PBXGroup;
			children = (
				11AEC1BB19ABEDA000245EDE /* small_bomb_16.gif */,
				11A959E919AB1D6000DA162C /* menu-128.png */,
				11A959E719AB1D5200DA162C /* menu-512.png */,
				11A9577C19A949F900DA162C /* explosion (4).gif */,
				11A9577A19A9473600DA162C /* explosion (3).gif */,
				11A9577819A93F4700DA162C /* crater_2.gif */,
				11A9577419A93CDF00DA162C /* explosion (2).gif */,
				11A9577219A93C6600DA162C /* explosion-no-repeat (1).gif */,
				11A9577019A902E100DA162C /* crater_mine.gif */,
				11A9576E19A8FE4C00DA162C /* only-one.gif */,
				11A9576119A85AB500DA162C /* explosion (1).gif */,
				11A9576919A85AE700DA162C /* crater.gif */,
				11A9576219A85AB500DA162C /* explosion.gif */,
				11A9576319A85AB500DA162C /* sheet_6x5.png */,
				11A9576419A85AB500DA162C /* cratere.gif */,
				11A9575119A85A9B00DA162C /* crater_parkmayn.png */,
			);
			name = images;
			sourceTree = "<group>";
		};
		113458FC19A80FAD009D29AB /* sounds */ = {
			isa = PBXGroup;
			children = (
				11A9574B19A85A8100DA162C /* atari_boom.mp3 */,
			);
			name = sounds;
			sourceTree = "<group>";
		};
		11A9578119AAEFD900DA162C /* REFrostedViewController */ = {
			isa = PBXGroup;
			children = (
				11A9578219AAEFD900DA162C /* RECommonFunctions.h */,
				11A9578319AAEFD900DA162C /* RECommonFunctions.m */,
				11A9578419AAEFD900DA162C /* REFrostedContainerViewController.h */,
				11A9578519AAEFD900DA162C /* REFrostedContainerViewController.m */,
				11A9578619AAEFD900DA162C /* REFrostedViewController.h */,
				11A9578719AAEFD900DA162C /* REFrostedViewController.m */,
				11A9578819AAEFD900DA162C /* UIImage+REFrostedViewController.h */,
				11A9578919AAEFD900DA162C /* UIImage+REFrostedViewController.m */,
				11A9578A19AAEFD900DA162C /* UIView+REFrostedViewController.h */,
				11A9578B19AAEFD900DA162C /* UIView+REFrostedViewController.m */,
				11A9578C19AAEFD900DA162C /* UIViewController+REFrostedViewController.h */,
				11A9578D19AAEFD900DA162C /* UIViewController+REFrostedViewController.m */,
			);
			path = REFrostedViewController;
			sourceTree = "<group>";
		};
/* End PBXGroup section */

/* Begin PBXNativeTarget section */
		113458A319A7AC2B009D29AB /* worlddestroy */ = {
			isa = PBXNativeTarget;
			buildConfigurationList = 113458D019A7AC2B009D29AB /* Build configuration list for PBXNativeTarget "worlddestroy" */;
			buildPhases = (
				59DA4575C1A84719ADC74253 /* Check Pods Manifest.lock */,
				113458A019A7AC2B009D29AB /* Sources */,
				113458A119A7AC2B009D29AB /* Frameworks */,
				113458A219A7AC2B009D29AB /* Resources */,
				F8CA3B17AD134F779C9402CD /* Copy Pods Resources */,
			);
			buildRules = (
			);
			dependencies = (
			);
			name = worlddestroy;
			productName = worlddestroy;
			productReference = 113458A419A7AC2B009D29AB /* worlddestroy.app */;
			productType = "com.apple.product-type.application";
		};
		113458BE19A7AC2B009D29AB /* worlddestroyTests */ = {
			isa = PBXNativeTarget;
			buildConfigurationList = 113458D319A7AC2B009D29AB /* Build configuration list for PBXNativeTarget "worlddestroyTests" */;
			buildPhases = (
				113458BB19A7AC2B009D29AB /* Sources */,
				113458BC19A7AC2B009D29AB /* Frameworks */,
				113458BD19A7AC2B009D29AB /* Resources */,
			);
			buildRules = (
			);
			dependencies = (
				113458C519A7AC2B009D29AB /* PBXTargetDependency */,
			);
			name = worlddestroyTests;
			productName = worlddestroyTests;
			productReference = 113458BF19A7AC2B009D29AB /* worlddestroyTests.xctest */;
			productType = "com.apple.product-type.bundle.unit-test";
		};
/* End PBXNativeTarget section */

/* Begin PBXProject section */
		1134589C19A7AC2B009D29AB /* Project object */ = {
			isa = PBXProject;
			attributes = {
				LastUpgradeCheck = 0510;
				ORGANIZATIONNAME = PRNDL;
				TargetAttributes = {
					113458A319A7AC2B009D29AB = {
						DevelopmentTeam = 3QFVVU34MZ;
						SystemCapabilities = {
							com.apple.GameCenter = {
								enabled = 1;
							};
						};
					};
					113458BE19A7AC2B009D29AB = {
						TestTargetID = 113458A319A7AC2B009D29AB;
					};
				};
			};
			buildConfigurationList = 1134589F19A7AC2B009D29AB /* Build configuration list for PBXProject "worlddestroy" */;
			compatibilityVersion = "Xcode 3.2";
			developmentRegion = English;
			hasScannedForEncodings = 0;
			knownRegions = (
				en,
			);
			mainGroup = 1134589B19A7AC2B009D29AB;
			productRefGroup = 113458A519A7AC2B009D29AB /* Products */;
			projectDirPath = "";
			projectRoot = "";
			targets = (
				113458A319A7AC2B009D29AB /* worlddestroy */,
				113458BE19A7AC2B009D29AB /* worlddestroyTests */,
			);
		};
/* End PBXProject section */

/* Begin PBXResourcesBuildPhase section */
		113458A219A7AC2B009D29AB /* Resources */ = {
			isa = PBXResourcesBuildPhase;
			buildActionMask = 2147483647;
			files = (
				11A959EA19AB1D6000DA162C /* menu-128.png in Resources */,
				11A9574C19A85A8100DA162C /* atari_boom.mp3 in Resources */,
				11A9576F19A8FE4C00DA162C /* only-one.gif in Resources */,
				113458B219A7AC2B009D29AB /* InfoPlist.strings in Resources */,
				11A9576619A85AB500DA162C /* explosion.gif in Resources */,
				11A9575B19A85A9B00DA162C /* crater_parkmayn.png in Resources */,
				11A9577B19A9473600DA162C /* explosion (3).gif in Resources */,
				11AEC1BC19ABEDA000245EDE /* small_bomb_16.gif in Resources */,
				11A9576819A85AB500DA162C /* cratere.gif in Resources */,
				11A9577D19A949F900DA162C /* explosion (4).gif in Resources */,
				11A9577319A93C6600DA162C /* explosion-no-repeat (1).gif in Resources */,
				11A9576519A85AB500DA162C /* explosion (1).gif in Resources */,
				11A9577119A902E100DA162C /* crater_mine.gif in Resources */,
				11A9577519A93CDF00DA162C /* explosion (2).gif in Resources */,
				11A959E819AB1D5200DA162C /* menu-512.png in Resources */,
				11A9576719A85AB500DA162C /* sheet_6x5.png in Resources */,
				11A9577919A93F4700DA162C /* crater_2.gif in Resources */,
				113458BA19A7AC2B009D29AB /* Images.xcassets in Resources */,
				11A9576A19A85AE700DA162C /* crater.gif in Resources */,
			);
			runOnlyForDeploymentPostprocessing = 0;
		};
		113458BD19A7AC2B009D29AB /* Resources */ = {
			isa = PBXResourcesBuildPhase;
			buildActionMask = 2147483647;
			files = (
				113458CB19A7AC2B009D29AB /* InfoPlist.strings in Resources */,
			);
			runOnlyForDeploymentPostprocessing = 0;
		};
/* End PBXResourcesBuildPhase section */

/* Begin PBXShellScriptBuildPhase section */
		59DA4575C1A84719ADC74253 /* Check Pods Manifest.lock */ = {
			isa = PBXShellScriptBuildPhase;
			buildActionMask = 2147483647;
			files = (
			);
			inputPaths = (
			);
			name = "Check Pods Manifest.lock";
			outputPaths = (
			);
			runOnlyForDeploymentPostprocessing = 0;
			shellPath = /bin/sh;
			shellScript = "diff \"${PODS_ROOT}/../Podfile.lock\" \"${PODS_ROOT}/Manifest.lock\" > /dev/null\nif [[ $? != 0 ]] ; then\n    cat << EOM\nerror: The sandbox is not in sync with the Podfile.lock. Run 'pod install' or update your CocoaPods installation.\nEOM\n    exit 1\nfi\n";
			showEnvVarsInLog = 0;
		};
		F8CA3B17AD134F779C9402CD /* Copy Pods Resources */ = {
			isa = PBXShellScriptBuildPhase;
			buildActionMask = 2147483647;
			files = (
			);
			inputPaths = (
			);
			name = "Copy Pods Resources";
			outputPaths = (
			);
			runOnlyForDeploymentPostprocessing = 0;
			shellPath = /bin/sh;
			shellScript = "\"${SRCROOT}/Pods/Pods-resources.sh\"\n";
			showEnvVarsInLog = 0;
		};
/* End PBXShellScriptBuildPhase section */

/* Begin PBXSourcesBuildPhase section */
		113458A019A7AC2B009D29AB /* Sources */ = {
			isa = PBXSourcesBuildPhase;
			buildActionMask = 2147483647;
			files = (
				11A9579319AAEFD900DA162C /* UIViewController+REFrostedViewController.m in Sources */,
				1134590719A81323009D29AB /* WDController.m in Sources */,
				11744D3F19AD6506002E34B9 /* AmmoButton.m in Sources */,
				11A9578E19AAEFD900DA162C /* RECommonFunctions.m in Sources */,
				1134590319A811DC009D29AB /* WorldMap.m in Sources */,
				11A9578F19AAEFD900DA162C /* REFrostedContainerViewController.m in Sources */,
				11A9576D19A867E200DA162C /* TimerView.m in Sources */,
				11A9579019AAEFD900DA162C /* REFrostedViewController.m in Sources */,
				113458B819A7AC2B009D29AB /* AppDelegate.m in Sources */,
				11A9579119AAEFD900DA162C /* UIImage+REFrostedViewController.m in Sources */,
				113458B419A7AC2B009D29AB /* main.m in Sources */,
				1134590019A810B7009D29AB /* ExplosionAnnotation.m in Sources */,
				11A9579219AAEFD900DA162C /* UIView+REFrostedViewController.m in Sources */,
				11A9578019AAC77900DA162C /* SlideViewController.m in Sources */,
			);
			runOnlyForDeploymentPostprocessing = 0;
		};
		113458BB19A7AC2B009D29AB /* Sources */ = {
			isa = PBXSourcesBuildPhase;
			buildActionMask = 2147483647;
			files = (
				113458CD19A7AC2B009D29AB /* worlddestroyTests.m in Sources */,
			);
			runOnlyForDeploymentPostprocessing = 0;
		};
/* End PBXSourcesBuildPhase section */

/* Begin PBXTargetDependency section */
		113458C519A7AC2B009D29AB /* PBXTargetDependency */ = {
			isa = PBXTargetDependency;
			target = 113458A319A7AC2B009D29AB /* worlddestroy */;
			targetProxy = 113458C419A7AC2B009D29AB /* PBXContainerItemProxy */;
		};
/* End PBXTargetDependency section */

/* Begin PBXVariantGroup section */
		113458B019A7AC2B009D29AB /* InfoPlist.strings */ = {
			isa = PBXVariantGroup;
			children = (
				113458B119A7AC2B009D29AB /* en */,
			);
			name = InfoPlist.strings;
			sourceTree = "<group>";
		};
		113458C919A7AC2B009D29AB /* InfoPlist.strings */ = {
			isa = PBXVariantGroup;
			children = (
				113458CA19A7AC2B009D29AB /* en */,
			);
			name = InfoPlist.strings;
			sourceTree = "<group>";
		};
/* End PBXVariantGroup section */

/* Begin XCBuildConfiguration section */
		113458CE19A7AC2B009D29AB /* Debug */ = {
			isa = XCBuildConfiguration;
			buildSettings = {
				ALWAYS_SEARCH_USER_PATHS = NO;
				CLANG_CXX_LANGUAGE_STANDARD = "gnu++0x";
				CLANG_CXX_LIBRARY = "libc++";
				CLANG_ENABLE_MODULES = YES;
				CLANG_ENABLE_OBJC_ARC = YES;
				CLANG_WARN_BOOL_CONVERSION = YES;
				CLANG_WARN_CONSTANT_CONVERSION = YES;
				CLANG_WARN_DIRECT_OBJC_ISA_USAGE = YES_ERROR;
				CLANG_WARN_EMPTY_BODY = YES;
				CLANG_WARN_ENUM_CONVERSION = YES;
				CLANG_WARN_INT_CONVERSION = YES;
				CLANG_WARN_OBJC_ROOT_CLASS = YES_ERROR;
				CLANG_WARN__DUPLICATE_METHOD_MATCH = YES;
				"CODE_SIGN_IDENTITY[sdk=iphoneos*]" = "iPhone Developer";
				COPY_PHASE_STRIP = NO;
				GCC_C_LANGUAGE_STANDARD = gnu99;
				GCC_DYNAMIC_NO_PIC = NO;
				GCC_OPTIMIZATION_LEVEL = 0;
				GCC_PREPROCESSOR_DEFINITIONS = (
					"DEBUG=1",
					"$(inherited)",
				);
				GCC_SYMBOLS_PRIVATE_EXTERN = NO;
				GCC_WARN_64_TO_32_BIT_CONVERSION = YES;
				GCC_WARN_ABOUT_RETURN_TYPE = YES_ERROR;
				GCC_WARN_UNDECLARED_SELECTOR = YES;
				GCC_WARN_UNINITIALIZED_AUTOS = YES_AGGRESSIVE;
				GCC_WARN_UNUSED_FUNCTION = YES;
				GCC_WARN_UNUSED_VARIABLE = YES;
				IPHONEOS_DEPLOYMENT_TARGET = 7.1;
				ONLY_ACTIVE_ARCH = YES;
				SDKROOT = iphoneos;
				TARGETED_DEVICE_FAMILY = "1,2";
			};
			name = Debug;
		};
		113458CF19A7AC2B009D29AB /* Release */ = {
			isa = XCBuildConfiguration;
			buildSettings = {
				ALWAYS_SEARCH_USER_PATHS = NO;
				CLANG_CXX_LANGUAGE_STANDARD = "gnu++0x";
				CLANG_CXX_LIBRARY = "libc++";
				CLANG_ENABLE_MODULES = YES;
				CLANG_ENABLE_OBJC_ARC = YES;
				CLANG_WARN_BOOL_CONVERSION = YES;
				CLANG_WARN_CONSTANT_CONVERSION = YES;
				CLANG_WARN_DIRECT_OBJC_ISA_USAGE = YES_ERROR;
				CLANG_WARN_EMPTY_BODY = YES;
				CLANG_WARN_ENUM_CONVERSION = YES;
				CLANG_WARN_INT_CONVERSION = YES;
				CLANG_WARN_OBJC_ROOT_CLASS = YES_ERROR;
				CLANG_WARN__DUPLICATE_METHOD_MATCH = YES;
				"CODE_SIGN_IDENTITY[sdk=iphoneos*]" = "iPhone Developer";
				COPY_PHASE_STRIP = YES;
				ENABLE_NS_ASSERTIONS = NO;
				GCC_C_LANGUAGE_STANDARD = gnu99;
				GCC_WARN_64_TO_32_BIT_CONVERSION = YES;
				GCC_WARN_ABOUT_RETURN_TYPE = YES_ERROR;
				GCC_WARN_UNDECLARED_SELECTOR = YES;
				GCC_WARN_UNINITIALIZED_AUTOS = YES_AGGRESSIVE;
				GCC_WARN_UNUSED_FUNCTION = YES;
				GCC_WARN_UNUSED_VARIABLE = YES;
				IPHONEOS_DEPLOYMENT_TARGET = 7.1;
				SDKROOT = iphoneos;
				TARGETED_DEVICE_FAMILY = "1,2";
				VALIDATE_PRODUCT = YES;
			};
			name = Release;
		};
		113458D119A7AC2B009D29AB /* Debug */ = {
			isa = XCBuildConfiguration;
			baseConfigurationReference = 17EE85BD1FCC41929B8F9A82 /* Pods.xcconfig */;
			buildSettings = {
				ASSETCATALOG_COMPILER_APPICON_NAME = AppIcon;
				ASSETCATALOG_COMPILER_LAUNCHIMAGE_NAME = LaunchImage;
				FRAMEWORK_SEARCH_PATHS = (
					"$(inherited)",
					"$(PROJECT_DIR)/worlddestroy/build/Debug-iphoneos",
				);
				GCC_PRECOMPILE_PREFIX_HEADER = YES;
				GCC_PREFIX_HEADER = "worlddestroy/worlddestroy-Prefix.pch";
				INFOPLIST_FILE = "worlddestroy/worlddestroy-Info.plist";
				LIBRARY_SEARCH_PATHS = (
					"$(inherited)",
					"/Users/zac/Development/GPUImage/build/Release-iphoneos",
				);
				PRODUCT_NAME = "$(TARGET_NAME)";
				WRAPPER_EXTENSION = app;
			};
			name = Debug;
		};
		113458D219A7AC2B009D29AB /* Release */ = {
			isa = XCBuildConfiguration;
			baseConfigurationReference = 17EE85BD1FCC41929B8F9A82 /* Pods.xcconfig */;
			buildSettings = {
				ASSETCATALOG_COMPILER_APPICON_NAME = AppIcon;
				ASSETCATALOG_COMPILER_LAUNCHIMAGE_NAME = LaunchImage;
				FRAMEWORK_SEARCH_PATHS = (
					"$(inherited)",
					"$(PROJECT_DIR)/worlddestroy/build/Debug-iphoneos",
				);
				GCC_PRECOMPILE_PREFIX_HEADER = YES;
				GCC_PREFIX_HEADER = "worlddestroy/worlddestroy-Prefix.pch";
				INFOPLIST_FILE = "worlddestroy/worlddestroy-Info.plist";
				LIBRARY_SEARCH_PATHS = (
					"$(inherited)",
					"/Users/zac/Development/GPUImage/build/Release-iphoneos",
				);
				PRODUCT_NAME = "$(TARGET_NAME)";
				WRAPPER_EXTENSION = app;
			};
			name = Release;
		};
		113458D419A7AC2B009D29AB /* Debug */ = {
			isa = XCBuildConfiguration;
			buildSettings = {
				BUNDLE_LOADER = "$(BUILT_PRODUCTS_DIR)/worlddestroy.app/worlddestroy";
				FRAMEWORK_SEARCH_PATHS = (
					"$(SDKROOT)/Developer/Library/Frameworks",
					"$(inherited)",
					"$(DEVELOPER_FRAMEWORKS_DIR)",
				);
				GCC_PRECOMPILE_PREFIX_HEADER = YES;
				GCC_PREFIX_HEADER = "worlddestroy/worlddestroy-Prefix.pch";
				GCC_PREPROCESSOR_DEFINITIONS = (
					"DEBUG=1",
					"$(inherited)",
				);
				INFOPLIST_FILE = "worlddestroyTests/worlddestroyTests-Info.plist";
				PRODUCT_NAME = "$(TARGET_NAME)";
				TEST_HOST = "$(BUNDLE_LOADER)";
				WRAPPER_EXTENSION = xctest;
			};
			name = Debug;
		};
		113458D519A7AC2B009D29AB /* Release */ = {
			isa = XCBuildConfiguration;
			buildSettings = {
				BUNDLE_LOADER = "$(BUILT_PRODUCTS_DIR)/worlddestroy.app/worlddestroy";
				FRAMEWORK_SEARCH_PATHS = (
					"$(SDKROOT)/Developer/Library/Frameworks",
					"$(inherited)",
					"$(DEVELOPER_FRAMEWORKS_DIR)",
				);
				GCC_PRECOMPILE_PREFIX_HEADER = YES;
				GCC_PREFIX_HEADER = "worlddestroy/worlddestroy-Prefix.pch";
				INFOPLIST_FILE = "worlddestroyTests/worlddestroyTests-Info.plist";
				PRODUCT_NAME = "$(TARGET_NAME)";
				TEST_HOST = "$(BUNDLE_LOADER)";
				WRAPPER_EXTENSION = xctest;
			};
			name = Release;
		};
/* End XCBuildConfiguration section */

/* Begin XCConfigurationList section */
		1134589F19A7AC2B009D29AB /* Build configuration list for PBXProject "worlddestroy" */ = {
			isa = XCConfigurationList;
			buildConfigurations = (
				113458CE19A7AC2B009D29AB /* Debug */,
				113458CF19A7AC2B009D29AB /* Release */,
			);
			defaultConfigurationIsVisible = 0;
			defaultConfigurationName = Release;
		};
		113458D019A7AC2B009D29AB /* Build configuration list for PBXNativeTarget "worlddestroy" */ = {
			isa = XCConfigurationList;
			buildConfigurations = (
				113458D119A7AC2B009D29AB /* Debug */,
				113458D219A7AC2B009D29AB /* Release */,
			);
			defaultConfigurationIsVisible = 0;
			defaultConfigurationName = Release;
		};
		113458D319A7AC2B009D29AB /* Build configuration list for PBXNativeTarget "worlddestroyTests" */ = {
			isa = XCConfigurationList;
			buildConfigurations = (
				113458D419A7AC2B009D29AB /* Debug */,
				113458D519A7AC2B009D29AB /* Release */,
			);
			defaultConfigurationIsVisible = 0;
			defaultConfigurationName = Release;
		};
/* End XCConfigurationList section */
	};
	rootObject = 1134589C19A7AC2B009D29AB /* Project object */;
}
